
Microsoft Visual Studio Solution File, Format Version 12.00
# Visual Studio 14
VisualStudioVersion = 14.0.25123.0
MinimumVisualStudioVersion = 10.0.40219.1
Project("{FAE04EC0-301F-11D3-BF4B-00C04F79EFBC}") = "Mo-Mess-Browser", "Mo-Mess-Browser\Mo-Mess-Browser.csproj", "{10EE07E1-4E71-42DF-B413-1C374B7D0EEE}"
EndProject
Project("{FAE04EC0-301F-11D3-BF4B-00C04F79EFBC}") = "SensorHelper-Abstrakt", "SensorHelper-Abstrakt\SensorHelper-Abstrakt.csproj", "{803C50B4-B38A-437D-8ABA-07B6469C72A0}"
EndProject
Project("{FAE04EC0-301F-11D3-BF4B-00C04F79EFBC}") = "PluginContracts", "PluginContracts\PluginContracts.csproj", "{E6BA7E3A-5060-4BC6-B2B0-58D86ED302F9}"
EndProject
Project("{FAE04EC0-301F-11D3-BF4B-00C04F79EFBC}") = "testplugin", "testplugin\testplugin.csproj", "{A96BEA0D-90DC-4CF5-915D-7F3291CD0120}"
EndProject
Project("{FAE04EC0-301F-11D3-BF4B-00C04F79EFBC}") = "MinMaxAvr", "MinMaxAvr\MinMaxAvr.csproj", "{054C34B1-0158-4E29-87F6-4F674A403591}"
EndProject
Project("{FAE04EC0-301F-11D3-BF4B-00C04F79EFBC}") = "Frequenz", "Frequenz\Frequenz.csproj", "{B4971E56-C13B-4498-81E2-0836DEB7DC08}"
EndProject
Global
	GlobalSection(SolutionConfigurationPlatforms) = preSolution
		Debug|Any CPU = Debug|Any CPU
		Debug|ARM = Debug|ARM
		Debug|x64 = Debug|x64
		Debug|x86 = Debug|x86
		Release|Any CPU = Release|Any CPU
		Release|ARM = Release|ARM
		Release|x64 = Release|x64
		Release|x86 = Release|x86
		remote|Any CPU = remote|Any CPU
		remote|ARM = remote|ARM
		remote|x64 = remote|x64
		remote|x86 = remote|x86
	EndGlobalSection
	GlobalSection(ProjectConfigurationPlatforms) = postSolution
		{10EE07E1-4E71-42DF-B413-1C374B7D0EEE}.Debug|Any CPU.ActiveCfg = Debug|Any CPU
		{10EE07E1-4E71-42DF-B413-1C374B7D0EEE}.Debug|Any CPU.Build.0 = Debug|Any CPU
		{10EE07E1-4E71-42DF-B413-1C374B7D0EEE}.Debug|ARM.ActiveCfg = Debug|Any CPU
		{10EE07E1-4E71-42DF-B413-1C374B7D0EEE}.Debug|ARM.Build.0 = Debug|Any CPU
		{10EE07E1-4E71-42DF-B413-1C374B7D0EEE}.Debug|x64.ActiveCfg = Debug|Any CPU
		{10EE07E1-4E71-42DF-B413-1C374B7D0EEE}.Debug|x64.Build.0 = Debug|Any CPU
		{10EE07E1-4E71-42DF-B413-1C374B7D0EEE}.Debug|x86.ActiveCfg = Debug|Any CPU
		{10EE07E1-4E71-42DF-B413-1C374B7D0EEE}.Debug|x86.Build.0 = Debug|Any CPU
		{10EE07E1-4E71-42DF-B413-1C374B7D0EEE}.Release|Any CPU.ActiveCfg = Release|Any CPU
		{10EE07E1-4E71-42DF-B413-1C374B7D0EEE}.Release|Any CPU.Build.0 = Release|Any CPU
		{10EE07E1-4E71-42DF-B413-1C374B7D0EEE}.Release|ARM.ActiveCfg = Release|Any CPU
		{10EE07E1-4E71-42DF-B413-1C374B7D0EEE}.Release|ARM.Build.0 = Release|Any CPU
		{10EE07E1-4E71-42DF-B413-1C374B7D0EEE}.Release|x64.ActiveCfg = Release|Any CPU
		{10EE07E1-4E71-42DF-B413-1C374B7D0EEE}.Release|x64.Build.0 = Release|Any CPU
		{10EE07E1-4E71-42DF-B413-1C374B7D0EEE}.Release|x86.ActiveCfg = Release|Any CPU
		{10EE07E1-4E71-42DF-B413-1C374B7D0EEE}.Release|x86.Build.0 = Release|Any CPU
		{10EE07E1-4E71-42DF-B413-1C374B7D0EEE}.remote|Any CPU.ActiveCfg = remote|Any CPU
		{10EE07E1-4E71-42DF-B413-1C374B7D0EEE}.remote|Any CPU.Build.0 = remote|Any CPU
		{10EE07E1-4E71-42DF-B413-1C374B7D0EEE}.remote|ARM.ActiveCfg = remote|Any CPU
		{10EE07E1-4E71-42DF-B413-1C374B7D0EEE}.remote|ARM.Build.0 = remote|Any CPU
		{10EE07E1-4E71-42DF-B413-1C374B7D0EEE}.remote|x64.ActiveCfg = remote|Any CPU
		{10EE07E1-4E71-42DF-B413-1C374B7D0EEE}.remote|x64.Build.0 = remote|Any CPU
		{10EE07E1-4E71-42DF-B413-1C374B7D0EEE}.remote|x86.ActiveCfg = remote|Any CPU
		{10EE07E1-4E71-42DF-B413-1C374B7D0EEE}.remote|x86.Build.0 = remote|Any CPU
		{803C50B4-B38A-437D-8ABA-07B6469C72A0}.Debug|Any CPU.ActiveCfg = Debug|Any CPU
		{803C50B4-B38A-437D-8ABA-07B6469C72A0}.Debug|Any CPU.Build.0 = Debug|Any CPU
		{803C50B4-B38A-437D-8ABA-07B6469C72A0}.Debug|ARM.ActiveCfg = Debug|Any CPU
		{803C50B4-B38A-437D-8ABA-07B6469C72A0}.Debug|ARM.Build.0 = Debug|Any CPU
		{803C50B4-B38A-437D-8ABA-07B6469C72A0}.Debug|x64.ActiveCfg = Debug|Any CPU
		{803C50B4-B38A-437D-8ABA-07B6469C72A0}.Debug|x64.Build.0 = Debug|Any CPU
		{803C50B4-B38A-437D-8ABA-07B6469C72A0}.Debug|x86.ActiveCfg = Debug|Any CPU
		{803C50B4-B38A-437D-8ABA-07B6469C72A0}.Debug|x86.Build.0 = Debug|Any CPU
		{803C50B4-B38A-437D-8ABA-07B6469C72A0}.Release|Any CPU.ActiveCfg = Release|Any CPU
		{803C50B4-B38A-437D-8ABA-07B6469C72A0}.Release|Any CPU.Build.0 = Release|Any CPU
		{803C50B4-B38A-437D-8ABA-07B6469C72A0}.Release|ARM.ActiveCfg = Release|Any CPU
		{803C50B4-B38A-437D-8ABA-07B6469C72A0}.Release|ARM.Build.0 = Release|Any CPU
		{803C50B4-B38A-437D-8ABA-07B6469C72A0}.Release|x64.ActiveCfg = Release|Any CPU
		{803C50B4-B38A-437D-8ABA-07B6469C72A0}.Release|x64.Build.0 = Release|Any CPU
		{803C50B4-B38A-437D-8ABA-07B6469C72A0}.Release|x86.ActiveCfg = Release|Any CPU
		{803C50B4-B38A-437D-8ABA-07B6469C72A0}.Release|x86.Build.0 = Release|Any CPU
		{803C50B4-B38A-437D-8ABA-07B6469C72A0}.remote|Any CPU.ActiveCfg = remote|Any CPU
		{803C50B4-B38A-437D-8ABA-07B6469C72A0}.remote|Any CPU.Build.0 = remote|Any CPU
		{803C50B4-B38A-437D-8ABA-07B6469C72A0}.remote|ARM.ActiveCfg = remote|Any CPU
		{803C50B4-B38A-437D-8ABA-07B6469C72A0}.remote|ARM.Build.0 = remote|Any CPU
		{803C50B4-B38A-437D-8ABA-07B6469C72A0}.remote|x64.ActiveCfg = remote|Any CPU
		{803C50B4-B38A-437D-8ABA-07B6469C72A0}.remote|x64.Build.0 = remote|Any CPU
		{803C50B4-B38A-437D-8ABA-07B6469C72A0}.remote|x86.ActiveCfg = remote|Any CPU
		{803C50B4-B38A-437D-8ABA-07B6469C72A0}.remote|x86.Build.0 = remote|Any CPU
		{E6BA7E3A-5060-4BC6-B2B0-58D86ED302F9}.Debug|Any CPU.ActiveCfg = Debug|Any CPU
		{E6BA7E3A-5060-4BC6-B2B0-58D86ED302F9}.Debug|Any CPU.Build.0 = Debug|Any CPU
		{E6BA7E3A-5060-4BC6-B2B0-58D86ED302F9}.Debug|ARM.ActiveCfg = Debug|Any CPU
		{E6BA7E3A-5060-4BC6-B2B0-58D86ED302F9}.Debug|ARM.Build.0 = Debug|Any CPU
		{E6BA7E3A-5060-4BC6-B2B0-58D86ED302F9}.Debug|x64.ActiveCfg = Debug|Any CPU
		{E6BA7E3A-5060-4BC6-B2B0-58D86ED302F9}.Debug|x64.Build.0 = Debug|Any CPU
		{E6BA7E3A-5060-4BC6-B2B0-58D86ED302F9}.Debug|x86.ActiveCfg = Debug|Any CPU
		{E6BA7E3A-5060-4BC6-B2B0-58D86ED302F9}.Debug|x86.Build.0 = Debug|Any CPU
		{E6BA7E3A-5060-4BC6-B2B0-58D86ED302F9}.Release|Any CPU.ActiveCfg = Release|Any CPU
		{E6BA7E3A-5060-4BC6-B2B0-58D86ED302F9}.Release|Any CPU.Build.0 = Release|Any CPU
		{E6BA7E3A-5060-4BC6-B2B0-58D86ED302F9}.Release|ARM.ActiveCfg = Release|Any CPU
		{E6BA7E3A-5060-4BC6-B2B0-58D86ED302F9}.Release|ARM.Build.0 = Release|Any CPU
		{E6BA7E3A-5060-4BC6-B2B0-58D86ED302F9}.Release|x64.ActiveCfg = Release|Any CPU
		{E6BA7E3A-5060-4BC6-B2B0-58D86ED302F9}.Release|x64.Build.0 = Release|Any CPU
		{E6BA7E3A-5060-4BC6-B2B0-58D86ED302F9}.Release|x86.ActiveCfg = Release|Any CPU
		{E6BA7E3A-5060-4BC6-B2B0-58D86ED302F9}.Release|x86.Build.0 = Release|Any CPU
		{E6BA7E3A-5060-4BC6-B2B0-58D86ED302F9}.remote|Any CPU.ActiveCfg = Release|Any CPU
		{E6BA7E3A-5060-4BC6-B2B0-58D86ED302F9}.remote|Any CPU.Build.0 = Release|Any CPU
		{E6BA7E3A-5060-4BC6-B2B0-58D86ED302F9}.remote|ARM.ActiveCfg = Release|Any CPU
		{E6BA7E3A-5060-4BC6-B2B0-58D86ED302F9}.remote|ARM.Build.0 = Release|Any CPU
		{E6BA7E3A-5060-4BC6-B2B0-58D86ED302F9}.remote|x64.ActiveCfg = Release|Any CPU
		{E6BA7E3A-5060-4BC6-B2B0-58D86ED302F9}.remote|x64.Build.0 = Release|Any CPU
		{E6BA7E3A-5060-4BC6-B2B0-58D86ED302F9}.remote|x86.ActiveCfg = Release|Any CPU
		{E6BA7E3A-5060-4BC6-B2B0-58D86ED302F9}.remote|x86.Build.0 = Release|Any CPU
		{A96BEA0D-90DC-4CF5-915D-7F3291CD0120}.Debug|Any CPU.ActiveCfg = Debug|Any CPU
		{A96BEA0D-90DC-4CF5-915D-7F3291CD0120}.Debug|Any CPU.Build.0 = Debug|Any CPU
		{A96BEA0D-90DC-4CF5-915D-7F3291CD0120}.Debug|ARM.ActiveCfg = Debug|Any CPU
		{A96BEA0D-90DC-4CF5-915D-7F3291CD0120}.Debug|ARM.Build.0 = Debug|Any CPU
		{A96BEA0D-90DC-4CF5-915D-7F3291CD0120}.Debug|x64.ActiveCfg = Debug|Any CPU
		{A96BEA0D-90DC-4CF5-915D-7F3291CD0120}.Debug|x64.Build.0 = Debug|Any CPU
		{A96BEA0D-90DC-4CF5-915D-7F3291CD0120}.Debug|x86.ActiveCfg = Debug|Any CPU
		{A96BEA0D-90DC-4CF5-915D-7F3291CD0120}.Debug|x86.Build.0 = Debug|Any CPU
		{A96BEA0D-90DC-4CF5-915D-7F3291CD0120}.Release|Any CPU.ActiveCfg = Release|Any CPU
		{A96BEA0D-90DC-4CF5-915D-7F3291CD0120}.Release|Any CPU.Build.0 = Release|Any CPU
		{A96BEA0D-90DC-4CF5-915D-7F3291CD0120}.Release|ARM.ActiveCfg = Release|Any CPU
		{A96BEA0D-90DC-4CF5-915D-7F3291CD0120}.Release|ARM.Build.0 = Release|Any CPU
		{A96BEA0D-90DC-4CF5-915D-7F3291CD0120}.Release|x64.ActiveCfg = Release|Any CPU
		{A96BEA0D-90DC-4CF5-915D-7F3291CD0120}.Release|x64.Build.0 = Release|Any CPU
		{A96BEA0D-90DC-4CF5-915D-7F3291CD0120}.Release|x86.ActiveCfg = Release|Any CPU
		{A96BEA0D-90DC-4CF5-915D-7F3291CD0120}.Release|x86.Build.0 = Release|Any CPU
		{A96BEA0D-90DC-4CF5-915D-7F3291CD0120}.remote|Any CPU.ActiveCfg = Release|Any CPU
		{A96BEA0D-90DC-4CF5-915D-7F3291CD0120}.remote|Any CPU.Build.0 = Release|Any CPU
		{A96BEA0D-90DC-4CF5-915D-7F3291CD0120}.remote|ARM.ActiveCfg = Release|Any CPU
		{A96BEA0D-90DC-4CF5-915D-7F3291CD0120}.remote|ARM.Build.0 = Release|Any CPU
		{A96BEA0D-90DC-4CF5-915D-7F3291CD0120}.remote|x64.ActiveCfg = Release|Any CPU
		{A96BEA0D-90DC-4CF5-915D-7F3291CD0120}.remote|x64.Build.0 = Release|Any CPU
		{A96BEA0D-90DC-4CF5-915D-7F3291CD0120}.remote|x86.ActiveCfg = Release|Any CPU
		{A96BEA0D-90DC-4CF5-915D-7F3291CD0120}.remote|x86.Build.0 = Release|Any CPU
		{054C34B1-0158-4E29-87F6-4F674A403591}.Debug|Any CPU.ActiveCfg = Debug|Any CPU
		{054C34B1-0158-4E29-87F6-4F674A403591}.Debug|Any CPU.Build.0 = Debug|Any CPU
		{054C34B1-0158-4E29-87F6-4F674A403591}.Debug|ARM.ActiveCfg = Debug|Any CPU
		{054C34B1-0158-4E29-87F6-4F674A403591}.Debug|ARM.Build.0 = Debug|Any CPU
		{054C34B1-0158-4E29-87F6-4F674A403591}.Debug|x64.ActiveCfg = Debug|Any CPU
		{054C34B1-0158-4E29-87F6-4F674A403591}.Debug|x64.Build.0 = Debug|Any CPU
		{054C34B1-0158-4E29-87F6-4F674A403591}.Debug|x86.ActiveCfg = Debug|Any CPU
		{054C34B1-0158-4E29-87F6-4F674A403591}.Debug|x86.Build.0 = Debug|Any CPU
		{054C34B1-0158-4E29-87F6-4F674A403591}.Release|Any CPU.ActiveCfg = Release|Any CPU
		{054C34B1-0158-4E29-87F6-4F674A403591}.Release|Any CPU.Build.0 = Release|Any CPU
		{054C34B1-0158-4E29-87F6-4F674A403591}.Release|ARM.ActiveCfg = Release|Any CPU
		{054C34B1-0158-4E29-87F6-4F674A403591}.Release|ARM.Build.0 = Release|Any CPU
		{054C34B1-0158-4E29-87F6-4F674A403591}.Release|x64.ActiveCfg = Release|Any CPU
		{054C34B1-0158-4E29-87F6-4F674A403591}.Release|x64.Build.0 = Release|Any CPU
		{054C34B1-0158-4E29-87F6-4F674A403591}.Release|x86.ActiveCfg = Release|Any CPU
		{054C34B1-0158-4E29-87F6-4F674A403591}.Release|x86.Build.0 = Release|Any CPU
		{054C34B1-0158-4E29-87F6-4F674A403591}.remote|Any CPU.ActiveCfg = Release|Any CPU
		{054C34B1-0158-4E29-87F6-4F674A403591}.remote|Any CPU.Build.0 = Release|Any CPU
		{054C34B1-0158-4E29-87F6-4F674A403591}.remote|ARM.ActiveCfg = Release|Any CPU
		{054C34B1-0158-4E29-87F6-4F674A403591}.remote|ARM.Build.0 = Release|Any CPU
		{054C34B1-0158-4E29-87F6-4F674A403591}.remote|x64.ActiveCfg = Release|Any CPU
		{054C34B1-0158-4E29-87F6-4F674A403591}.remote|x64.Build.0 = Release|Any CPU
		{054C34B1-0158-4E29-87F6-4F674A403591}.remote|x86.ActiveCfg = Release|Any CPU
		{054C34B1-0158-4E29-87F6-4F674A403591}.remote|x86.Build.0 = Release|Any CPU
		{B4971E56-C13B-4498-81E2-0836DEB7DC08}.Debug|Any CPU.ActiveCfg = Debug|Any CPU
		{B4971E56-C13B-4498-81E2-0836DEB7DC08}.Debug|Any CPU.Build.0 = Debug|Any CPU
		{B4971E56-C13B-4498-81E2-0836DEB7DC08}.Debug|ARM.ActiveCfg = Debug|Any CPU
		{B4971E56-C13B-4498-81E2-0836DEB7DC08}.Debug|ARM.Build.0 = Debug|Any CPU
		{B4971E56-C13B-4498-81E2-0836DEB7DC08}.Debug|x64.ActiveCfg = Debug|Any CPU
		{B4971E56-C13B-4498-81E2-0836DEB7DC08}.Debug|x64.Build.0 = Debug|Any CPU
		{B4971E56-C13B-4498-81E2-0836DEB7DC08}.Debug|x86.ActiveCfg = Debug|Any CPU
		{B4971E56-C13B-4498-81E2-0836DEB7DC08}.Debug|x86.Build.0 = Debug|Any CPU
		{B4971E56-C13B-4498-81E2-0836DEB7DC08}.Release|Any CPU.ActiveCfg = Release|Any CPU
		{B4971E56-C13B-4498-81E2-0836DEB7DC08}.Release|Any CPU.Build.0 = Release|Any CPU
		{B4971E56-C13B-4498-81E2-0836DEB7DC08}.Release|ARM.ActiveCfg = Release|Any CPU
		{B4971E56-C13B-4498-81E2-0836DEB7DC08}.Release|ARM.Build.0 = Release|Any CPU
		{B4971E56-C13B-4498-81E2-0836DEB7DC08}.Release|x64.ActiveCfg = Release|Any CPU
		{B4971E56-C13B-4498-81E2-0836DEB7DC08}.Release|x64.Build.0 = Release|Any CPU
		{B4971E56-C13B-4498-81E2-0836DEB7DC08}.Release|x86.ActiveCfg = Release|Any CPU
		{B4971E56-C13B-4498-81E2-0836DEB7DC08}.Release|x86.Build.0 = Release|Any CPU
		{B4971E56-C13B-4498-81E2-0836DEB7DC08}.remote|Any CPU.ActiveCfg = Release|Any CPU
		{B4971E56-C13B-4498-81E2-0836DEB7DC08}.remote|Any CPU.Build.0 = Release|Any CPU
		{B4971E56-C13B-4498-81E2-0836DEB7DC08}.remote|ARM.ActiveCfg = Release|Any CPU
		{B4971E56-C13B-4498-81E2-0836DEB7DC08}.remote|ARM.Build.0 = Release|Any CPU
		{B4971E56-C13B-4498-81E2-0836DEB7DC08}.remote|x64.ActiveCfg = Release|Any CPU
		{B4971E56-C13B-4498-81E2-0836DEB7DC08}.remote|x64.Build.0 = Release|Any CPU
		{B4971E56-C13B-4498-81E2-0836DEB7DC08}.remote|x86.ActiveCfg = Release|Any CPU
		{B4971E56-C13B-4498-81E2-0836DEB7DC08}.remote|x86.Build.0 = Release|Any CPU
	EndGlobalSection
	GlobalSection(SolutionProperties) = preSolution
		HideSolutionNode = FALSE
	EndGlobalSection
EndGlobal
